
Microsoft Visual Studio Solution File, Format Version 12.00
Project("{2150E333-8FDC-42A3-9474-1A3956D46DE8}") = "Common", "Common", "{17895222-4416-4D6D-898D-0AEBC0787A7B}"
EndProject
Project("{2150E333-8FDC-42A3-9474-1A3956D46DE8}") = "Database", "Database", "{A8B1406B-1148-4DB8-BCBC-20A4359BBCF2}"
EndProject
Project("{2150E333-8FDC-42A3-9474-1A3956D46DE8}") = "Modules", "Modules", "{8DB39F53-E315-4C97-9F38-765023C4D6D3}"
EndProject
Project("{2150E333-8FDC-42A3-9474-1A3956D46DE8}") = "Matches", "Matches", "{CE95AC6B-367E-493B-A080-E7060713EB25}"
EndProject
Project("{2150E333-8FDC-42A3-9474-1A3956D46DE8}") = "UserAccess", "UserAccess", "{D563C677-7E93-468E-93F0-1E5632399B54}"
EndProject
Project("{FAE04EC0-301F-11D3-BF4B-00C04F79EFBC}") = "Aimrank.Web.Common.Application", "src\Common\Aimrank.Web.Common.Application\Aimrank.Web.Common.Application.csproj", "{F5879297-D801-4068-93F4-952055B5F77D}"
EndProject
Project("{FAE04EC0-301F-11D3-BF4B-00C04F79EFBC}") = "Aimrank.Web.Common.Domain", "src\Common\Aimrank.Web.Common.Domain\Aimrank.Web.Common.Domain.csproj", "{8A38DA34-79E9-4E69-ABAE-8C719A8A076F}"
EndProject
Project("{FAE04EC0-301F-11D3-BF4B-00C04F79EFBC}") = "Aimrank.Web.Common.Infrastructure", "src\Common\Aimrank.Web.Common.Infrastructure\Aimrank.Web.Common.Infrastructure.csproj", "{7C757D15-261E-4A12-BAD6-492198B9F3ED}"
EndProject
Project("{FAE04EC0-301F-11D3-BF4B-00C04F79EFBC}") = "Aimrank.Web.Database.Migrator", "src\Database\Aimrank.Web.Database.Migrator\Aimrank.Web.Database.Migrator.csproj", "{9734561F-749D-4AAA-85EC-CF6A8FA99CAE}"
EndProject
Project("{FAE04EC0-301F-11D3-BF4B-00C04F79EFBC}") = "Aimrank.Web.App", "src\Aimrank.Web.App\Aimrank.Web.App.csproj", "{427CCEE3-3C7E-472D-8753-E2F4F15BF5B3}"
EndProject
Project("{FAE04EC0-301F-11D3-BF4B-00C04F79EFBC}") = "Aimrank.Web.Modules.Matches.Application", "src\Modules\Matches\Aimrank.Web.Modules.Matches.Application\Aimrank.Web.Modules.Matches.Application.csproj", "{794792C2-15C2-4BE2-8451-D8DFCD9EE966}"
EndProject
Project("{FAE04EC0-301F-11D3-BF4B-00C04F79EFBC}") = "Aimrank.Web.Modules.Matches.Domain", "src\Modules\Matches\Aimrank.Web.Modules.Matches.Domain\Aimrank.Web.Modules.Matches.Domain.csproj", "{4C82A197-970A-4E72-8E66-A142E71D4936}"
EndProject
Project("{FAE04EC0-301F-11D3-BF4B-00C04F79EFBC}") = "Aimrank.Web.Modules.Matches.Infrastructure", "src\Modules\Matches\Aimrank.Web.Modules.Matches.Infrastructure\Aimrank.Web.Modules.Matches.Infrastructure.csproj", "{048D5C68-C4E4-4E48-B083-3B682812638B}"
EndProject
Project("{FAE04EC0-301F-11D3-BF4B-00C04F79EFBC}") = "Aimrank.Web.Modules.Matches.IntegrationEvents", "src\Modules\Matches\Aimrank.Web.Modules.Matches.IntegrationEvents\Aimrank.Web.Modules.Matches.IntegrationEvents.csproj", "{E82AE32D-F4E3-4155-9C27-5F63C83D6B19}"
EndProject
Project("{2150E333-8FDC-42A3-9474-1A3956D46DE8}") = "Tests", "Tests", "{68BF2F9F-611B-404F-A220-D3090AFB4DAE}"
EndProject
Project("{FAE04EC0-301F-11D3-BF4B-00C04F79EFBC}") = "Aimrank.Web.Modules.Matches.ArchTests", "src\Modules\Matches\Tests\Aimrank.Web.Modules.Matches.ArchTests\Aimrank.Web.Modules.Matches.ArchTests.csproj", "{FA03721F-478B-4D58-BD06-8B2C8EDE361E}"
EndProject
Project("{FAE04EC0-301F-11D3-BF4B-00C04F79EFBC}") = "Aimrank.Web.Modules.Matches.UnitTests", "src\Modules\Matches\Tests\Aimrank.Web.Modules.Matches.UnitTests\Aimrank.Web.Modules.Matches.UnitTests.csproj", "{144C063E-3CC7-4A58-B8DE-EDB916276B77}"
EndProject
Project("{FAE04EC0-301F-11D3-BF4B-00C04F79EFBC}") = "Aimrank.Web.Modules.UserAccess.Application", "src\Modules\UserAccess\Aimrank.Web.Modules.UserAccess.Application\Aimrank.Web.Modules.UserAccess.Application.csproj", "{B4D92D2C-766B-4070-B9C8-80E60C4CD896}"
EndProject
Project("{FAE04EC0-301F-11D3-BF4B-00C04F79EFBC}") = "Aimrank.Web.Modules.UserAccess.Domain", "src\Modules\UserAccess\Aimrank.Web.Modules.UserAccess.Domain\Aimrank.Web.Modules.UserAccess.Domain.csproj", "{4315DABB-7571-49F4-850A-8F415D0D2435}"
EndProject
Project("{FAE04EC0-301F-11D3-BF4B-00C04F79EFBC}") = "Aimrank.Web.Modules.UserAccess.Infrastructure", "src\Modules\UserAccess\Aimrank.Web.Modules.UserAccess.Infrastructure\Aimrank.Web.Modules.UserAccess.Infrastructure.csproj", "{44844520-148A-4FF2-93F2-3110842006D0}"
EndProject
Project("{2150E333-8FDC-42A3-9474-1A3956D46DE8}") = "Tests", "Tests", "{EF8F8D61-F3F8-400A-8F0A-3A10A691B46A}"
EndProject
Project("{FAE04EC0-301F-11D3-BF4B-00C04F79EFBC}") = "Aimrank.Web.Modules.UserAccess.UnitTests", "src\Modules\UserAccess\Tests\Aimrank.Web.Modules.UserAccess.UnitTests\Aimrank.Web.Modules.UserAccess.UnitTests.csproj", "{272DF8D4-863D-4422-B5D0-1882F90ED692}"
EndProject
Global
	GlobalSection(SolutionConfigurationPlatforms) = preSolution
		Debug|Any CPU = Debug|Any CPU
		Release|Any CPU = Release|Any CPU
	EndGlobalSection
	GlobalSection(NestedProjects) = preSolution
		{CE95AC6B-367E-493B-A080-E7060713EB25} = {8DB39F53-E315-4C97-9F38-765023C4D6D3}
		{D563C677-7E93-468E-93F0-1E5632399B54} = {8DB39F53-E315-4C97-9F38-765023C4D6D3}
		{F5879297-D801-4068-93F4-952055B5F77D} = {17895222-4416-4D6D-898D-0AEBC0787A7B}
		{8A38DA34-79E9-4E69-ABAE-8C719A8A076F} = {17895222-4416-4D6D-898D-0AEBC0787A7B}
		{7C757D15-261E-4A12-BAD6-492198B9F3ED} = {17895222-4416-4D6D-898D-0AEBC0787A7B}
		{9734561F-749D-4AAA-85EC-CF6A8FA99CAE} = {A8B1406B-1148-4DB8-BCBC-20A4359BBCF2}
		{794792C2-15C2-4BE2-8451-D8DFCD9EE966} = {CE95AC6B-367E-493B-A080-E7060713EB25}
		{4C82A197-970A-4E72-8E66-A142E71D4936} = {CE95AC6B-367E-493B-A080-E7060713EB25}
		{048D5C68-C4E4-4E48-B083-3B682812638B} = {CE95AC6B-367E-493B-A080-E7060713EB25}
		{E82AE32D-F4E3-4155-9C27-5F63C83D6B19} = {CE95AC6B-367E-493B-A080-E7060713EB25}
		{68BF2F9F-611B-404F-A220-D3090AFB4DAE} = {CE95AC6B-367E-493B-A080-E7060713EB25}
		{FA03721F-478B-4D58-BD06-8B2C8EDE361E} = {68BF2F9F-611B-404F-A220-D3090AFB4DAE}
		{144C063E-3CC7-4A58-B8DE-EDB916276B77} = {68BF2F9F-611B-404F-A220-D3090AFB4DAE}
		{B4D92D2C-766B-4070-B9C8-80E60C4CD896} = {D563C677-7E93-468E-93F0-1E5632399B54}
		{4315DABB-7571-49F4-850A-8F415D0D2435} = {D563C677-7E93-468E-93F0-1E5632399B54}
		{44844520-148A-4FF2-93F2-3110842006D0} = {D563C677-7E93-468E-93F0-1E5632399B54}
		{EF8F8D61-F3F8-400A-8F0A-3A10A691B46A} = {D563C677-7E93-468E-93F0-1E5632399B54}
		{272DF8D4-863D-4422-B5D0-1882F90ED692} = {EF8F8D61-F3F8-400A-8F0A-3A10A691B46A}
	EndGlobalSection
	GlobalSection(ProjectConfigurationPlatforms) = postSolution
		{F5879297-D801-4068-93F4-952055B5F77D}.Debug|Any CPU.ActiveCfg = Debug|Any CPU
		{F5879297-D801-4068-93F4-952055B5F77D}.Debug|Any CPU.Build.0 = Debug|Any CPU
		{F5879297-D801-4068-93F4-952055B5F77D}.Release|Any CPU.ActiveCfg = Release|Any CPU
		{F5879297-D801-4068-93F4-952055B5F77D}.Release|Any CPU.Build.0 = Release|Any CPU
		{8A38DA34-79E9-4E69-ABAE-8C719A8A076F}.Debug|Any CPU.ActiveCfg = Debug|Any CPU
		{8A38DA34-79E9-4E69-ABAE-8C719A8A076F}.Debug|Any CPU.Build.0 = Debug|Any CPU
		{8A38DA34-79E9-4E69-ABAE-8C719A8A076F}.Release|Any CPU.ActiveCfg = Release|Any CPU
		{8A38DA34-79E9-4E69-ABAE-8C719A8A076F}.Release|Any CPU.Build.0 = Release|Any CPU
		{7C757D15-261E-4A12-BAD6-492198B9F3ED}.Debug|Any CPU.ActiveCfg = Debug|Any CPU
		{7C757D15-261E-4A12-BAD6-492198B9F3ED}.Debug|Any CPU.Build.0 = Debug|Any CPU
		{7C757D15-261E-4A12-BAD6-492198B9F3ED}.Release|Any CPU.ActiveCfg = Release|Any CPU
		{7C757D15-261E-4A12-BAD6-492198B9F3ED}.Release|Any CPU.Build.0 = Release|Any CPU
		{9734561F-749D-4AAA-85EC-CF6A8FA99CAE}.Debug|Any CPU.ActiveCfg = Debug|Any CPU
		{9734561F-749D-4AAA-85EC-CF6A8FA99CAE}.Debug|Any CPU.Build.0 = Debug|Any CPU
		{9734561F-749D-4AAA-85EC-CF6A8FA99CAE}.Release|Any CPU.ActiveCfg = Release|Any CPU
		{9734561F-749D-4AAA-85EC-CF6A8FA99CAE}.Release|Any CPU.Build.0 = Release|Any CPU
		{427CCEE3-3C7E-472D-8753-E2F4F15BF5B3}.Debug|Any CPU.ActiveCfg = Debug|Any CPU
		{427CCEE3-3C7E-472D-8753-E2F4F15BF5B3}.Debug|Any CPU.Build.0 = Debug|Any CPU
		{427CCEE3-3C7E-472D-8753-E2F4F15BF5B3}.Release|Any CPU.ActiveCfg = Release|Any CPU
		{427CCEE3-3C7E-472D-8753-E2F4F15BF5B3}.Release|Any CPU.Build.0 = Release|Any CPU
		{794792C2-15C2-4BE2-8451-D8DFCD9EE966}.Debug|Any CPU.ActiveCfg = Debug|Any CPU
		{794792C2-15C2-4BE2-8451-D8DFCD9EE966}.Debug|Any CPU.Build.0 = Debug|Any CPU
		{794792C2-15C2-4BE2-8451-D8DFCD9EE966}.Release|Any CPU.ActiveCfg = Release|Any CPU
		{794792C2-15C2-4BE2-8451-D8DFCD9EE966}.Release|Any CPU.Build.0 = Release|Any CPU
		{4C82A197-970A-4E72-8E66-A142E71D4936}.Debug|Any CPU.ActiveCfg = Debug|Any CPU
		{4C82A197-970A-4E72-8E66-A142E71D4936}.Debug|Any CPU.Build.0 = Debug|Any CPU
		{4C82A197-970A-4E72-8E66-A142E71D4936}.Release|Any CPU.ActiveCfg = Release|Any CPU
		{4C82A197-970A-4E72-8E66-A142E71D4936}.Release|Any CPU.Build.0 = Release|Any CPU
		{048D5C68-C4E4-4E48-B083-3B682812638B}.Debug|Any CPU.ActiveCfg = Debug|Any CPU
		{048D5C68-C4E4-4E48-B083-3B682812638B}.Debug|Any CPU.Build.0 = Debug|Any CPU
		{048D5C68-C4E4-4E48-B083-3B682812638B}.Release|Any CPU.ActiveCfg = Release|Any CPU
		{048D5C68-C4E4-4E48-B083-3B682812638B}.Release|Any CPU.Build.0 = Release|Any CPU
		{E82AE32D-F4E3-4155-9C27-5F63C83D6B19}.Debug|Any CPU.ActiveCfg = Debug|Any CPU
		{E82AE32D-F4E3-4155-9C27-5F63C83D6B19}.Debug|Any CPU.Build.0 = Debug|Any CPU
		{E82AE32D-F4E3-4155-9C27-5F63C83D6B19}.Release|Any CPU.ActiveCfg = Release|Any CPU
		{E82AE32D-F4E3-4155-9C27-5F63C83D6B19}.Release|Any CPU.Build.0 = Release|Any CPU
		{FA03721F-478B-4D58-BD06-8B2C8EDE361E}.Debug|Any CPU.ActiveCfg = Debug|Any CPU
		{FA03721F-478B-4D58-BD06-8B2C8EDE361E}.Debug|Any CPU.Build.0 = Debug|Any CPU
		{FA03721F-478B-4D58-BD06-8B2C8EDE361E}.Release|Any CPU.ActiveCfg = Release|Any CPU
		{FA03721F-478B-4D58-BD06-8B2C8EDE361E}.Release|Any CPU.Build.0 = Release|Any CPU
		{144C063E-3CC7-4A58-B8DE-EDB916276B77}.Debug|Any CPU.ActiveCfg = Debug|Any CPU
		{144C063E-3CC7-4A58-B8DE-EDB916276B77}.Debug|Any CPU.Build.0 = Debug|Any CPU
		{144C063E-3CC7-4A58-B8DE-EDB916276B77}.Release|Any CPU.ActiveCfg = Release|Any CPU
		{144C063E-3CC7-4A58-B8DE-EDB916276B77}.Release|Any CPU.Build.0 = Release|Any CPU
		{B4D92D2C-766B-4070-B9C8-80E60C4CD896}.Debug|Any CPU.ActiveCfg = Debug|Any CPU
		{B4D92D2C-766B-4070-B9C8-80E60C4CD896}.Debug|Any CPU.Build.0 = Debug|Any CPU
		{B4D92D2C-766B-4070-B9C8-80E60C4CD896}.Release|Any CPU.ActiveCfg = Release|Any CPU
		{B4D92D2C-766B-4070-B9C8-80E60C4CD896}.Release|Any CPU.Build.0 = Release|Any CPU
		{4315DABB-7571-49F4-850A-8F415D0D2435}.Debug|Any CPU.ActiveCfg = Debug|Any CPU
		{4315DABB-7571-49F4-850A-8F415D0D2435}.Debug|Any CPU.Build.0 = Debug|Any CPU
		{4315DABB-7571-49F4-850A-8F415D0D2435}.Release|Any CPU.ActiveCfg = Release|Any CPU
		{4315DABB-7571-49F4-850A-8F415D0D2435}.Release|Any CPU.Build.0 = Release|Any CPU
		{44844520-148A-4FF2-93F2-3110842006D0}.Debug|Any CPU.ActiveCfg = Debug|Any CPU
		{44844520-148A-4FF2-93F2-3110842006D0}.Debug|Any CPU.Build.0 = Debug|Any CPU
		{44844520-148A-4FF2-93F2-3110842006D0}.Release|Any CPU.ActiveCfg = Release|Any CPU
		{44844520-148A-4FF2-93F2-3110842006D0}.Release|Any CPU.Build.0 = Release|Any CPU
		{272DF8D4-863D-4422-B5D0-1882F90ED692}.Debug|Any CPU.ActiveCfg = Debug|Any CPU
		{272DF8D4-863D-4422-B5D0-1882F90ED692}.Debug|Any CPU.Build.0 = Debug|Any CPU
		{272DF8D4-863D-4422-B5D0-1882F90ED692}.Release|Any CPU.ActiveCfg = Release|Any CPU
		{272DF8D4-863D-4422-B5D0-1882F90ED692}.Release|Any CPU.Build.0 = Release|Any CPU
	EndGlobalSection
EndGlobal
