
Microsoft Visual Studio Solution File, Format Version 12.00
Project("{2150E333-8FDC-42A3-9474-1A3956D46DE8}") = "Database", "Database", "{E248F606-9E42-4168-AD81-5CC677EFDCEC}"
EndProject
Project("{FAE04EC0-301F-11D3-BF4B-00C04F79EFBC}") = "Aimrank.Database.Migrator", "src\Database\Aimrank.Database.Migrator\Aimrank.Database.Migrator.csproj", "{528383BC-4260-41C0-89CE-F00138B63F4B}"
EndProject
Project("{FAE04EC0-301F-11D3-BF4B-00C04F79EFBC}") = "Aimrank.Web", "src\Aimrank.Web\Aimrank.Web.csproj", "{5CF46E84-8D55-41DE-BB50-3F564D67AADC}"
EndProject
Project("{2150E333-8FDC-42A3-9474-1A3956D46DE8}") = "Common", "Common", "{C78F478D-3405-4762-9E09-99316337F172}"
EndProject
Project("{FAE04EC0-301F-11D3-BF4B-00C04F79EFBC}") = "Aimrank.Common.Domain", "src\Common\Aimrank.Common.Domain\Aimrank.Common.Domain.csproj", "{03FFDE24-20D4-4F5F-AF45-A768BD8AD328}"
EndProject
Project("{FAE04EC0-301F-11D3-BF4B-00C04F79EFBC}") = "Aimrank.Common.Application", "src\Common\Aimrank.Common.Application\Aimrank.Common.Application.csproj", "{5276BAA4-EE27-46B0-B70F-5236F9028B99}"
EndProject
Project("{FAE04EC0-301F-11D3-BF4B-00C04F79EFBC}") = "Aimrank.Common.Infrastructure", "src\Common\Aimrank.Common.Infrastructure\Aimrank.Common.Infrastructure.csproj", "{C6E0FC8F-5007-497C-9A01-137786081A25}"
EndProject
Project("{2150E333-8FDC-42A3-9474-1A3956D46DE8}") = "Tests", "Tests", "{CB3E8F47-FF5F-44D3-B79B-7B7930E78289}"
EndProject
Project("{2150E333-8FDC-42A3-9474-1A3956D46DE8}") = "Modules", "Modules", "{C85B20C0-AD41-4622-BAA8-70F1C2FB8C64}"
EndProject
Project("{2150E333-8FDC-42A3-9474-1A3956D46DE8}") = "UserAccess", "UserAccess", "{6D5200E6-01F3-4679-8B98-94D06222FE65}"
EndProject
Project("{FAE04EC0-301F-11D3-BF4B-00C04F79EFBC}") = "Aimrank.Modules.UserAccess.Domain", "src\Modules\UserAccess\Aimrank.Modules.UserAccess.Domain\Aimrank.Modules.UserAccess.Domain.csproj", "{0192430C-13F3-4D3E-9025-2030F7EBB9BE}"
EndProject
Project("{FAE04EC0-301F-11D3-BF4B-00C04F79EFBC}") = "Aimrank.Modules.UserAccess.Application", "src\Modules\UserAccess\Aimrank.Modules.UserAccess.Application\Aimrank.Modules.UserAccess.Application.csproj", "{11144C3F-13AD-4EF7-9E0E-A012B8F89671}"
EndProject
Project("{FAE04EC0-301F-11D3-BF4B-00C04F79EFBC}") = "Aimrank.Modules.UserAccess.Infrastructure", "src\Modules\UserAccess\Aimrank.Modules.UserAccess.Infrastructure\Aimrank.Modules.UserAccess.Infrastructure.csproj", "{D32CEB4E-268B-4B06-916B-BB57F6F2480B}"
EndProject
Project("{2150E333-8FDC-42A3-9474-1A3956D46DE8}") = "Matches", "Matches", "{C2EECFBC-D110-4EF5-AD50-080E49ECBFFD}"
EndProject
Project("{FAE04EC0-301F-11D3-BF4B-00C04F79EFBC}") = "Aimrank.Modules.Matches.Domain", "src\Modules\Matches\Aimrank.Modules.Matches.Domain\Aimrank.Modules.Matches.Domain.csproj", "{0510CD29-97C5-4D65-BEF5-270F5B9159D7}"
EndProject
Project("{FAE04EC0-301F-11D3-BF4B-00C04F79EFBC}") = "Aimrank.Modules.Matches.Application", "src\Modules\Matches\Aimrank.Modules.Matches.Application\Aimrank.Modules.Matches.Application.csproj", "{EA4C93C7-1349-4B2E-830E-E967FCDD9973}"
EndProject
Project("{FAE04EC0-301F-11D3-BF4B-00C04F79EFBC}") = "Aimrank.Modules.Matches.Infrastructure", "src\Modules\Matches\Aimrank.Modules.Matches.Infrastructure\Aimrank.Modules.Matches.Infrastructure.csproj", "{5B8EAA2C-F3E9-4498-983D-21CCD641A99F}"
EndProject
Project("{FAE04EC0-301F-11D3-BF4B-00C04F79EFBC}") = "Aimrank.Modules.Matches.IntegrationEvents", "src\Modules\Matches\Aimrank.Modules.Matches.IntegrationEvents\Aimrank.Modules.Matches.IntegrationEvents.csproj", "{ED296F05-6DCD-421D-B644-0E0E4FABAA5E}"
EndProject
Project("{FAE04EC0-301F-11D3-BF4B-00C04F79EFBC}") = "Aimrank.Modules.Matches.ArchTests", "src\Modules\Matches\Tests\Aimrank.Modules.Matches.ArchTests\Aimrank.Modules.Matches.ArchTests.csproj", "{7BBD8980-F430-4424-9C02-BE856E231E6D}"
EndProject
Project("{FAE04EC0-301F-11D3-BF4B-00C04F79EFBC}") = "Aimrank.Modules.Matches.UnitTests", "src\Modules\Matches\Tests\Aimrank.Modules.Matches.UnitTests\Aimrank.Modules.Matches.UnitTests.csproj", "{7373DD06-725D-4604-BEFB-C0AE7AC1B6BF}"
EndProject
Project("{FAE04EC0-301F-11D3-BF4B-00C04F79EFBC}") = "Aimrank.Modules.Matches.IntegrationTests", "src\Modules\Matches\Tests\Aimrank.Modules.Matches.IntegrationTests\Aimrank.Modules.Matches.IntegrationTests.csproj", "{EC02E7AE-133F-41D0-BB30-A09D95A6C340}"
EndProject
Project("{2150E333-8FDC-42A3-9474-1A3956D46DE8}") = "Tests", "Tests", "{E94A77B2-D745-47A5-8EFE-B6482C373CA6}"
EndProject
Project("{FAE04EC0-301F-11D3-BF4B-00C04F79EFBC}") = "Aimrank.Modules.UserAccess.UnitTests", "src\Modules\UserAccess\Tests\Aimrank.Modules.UserAccess.UnitTests\Aimrank.Modules.UserAccess.UnitTests.csproj", "{BE342DB5-4FBB-4FB0-8E78-0FA37EE686B6}"
EndProject
Project("{2150E333-8FDC-42A3-9474-1A3956D46DE8}") = "CSGO", "CSGO", "{22E9A0DF-AA30-4054-8DD9-0A3BB6A91CE4}"
EndProject
Project("{FAE04EC0-301F-11D3-BF4B-00C04F79EFBC}") = "Aimrank.Modules.CSGO.Application", "src\Modules\CSGO\Aimrank.Modules.CSGO.Application\Aimrank.Modules.CSGO.Application.csproj", "{99D41473-44AF-46A7-99B3-1938A30A938D}"
EndProject
Project("{FAE04EC0-301F-11D3-BF4B-00C04F79EFBC}") = "Aimrank.Modules.CSGO.Infrastructure", "src\Modules\CSGO\Aimrank.Modules.CSGO.Infrastructure\Aimrank.Modules.CSGO.Infrastructure.csproj", "{53E60CAF-7414-4572-95CF-A4CE835CD96C}"
EndProject
Project("{FAE04EC0-301F-11D3-BF4B-00C04F79EFBC}") = "Aimrank.Modules.CSGO.IntegrationEvents", "src\Modules\CSGO\Aimrank.Modules.CSGO.IntegrationEvents\Aimrank.Modules.CSGO.IntegrationEvents.csproj", "{7B859A1B-5FD1-4B33-A83E-88A101B25036}"
EndProject
Global
	GlobalSection(SolutionConfigurationPlatforms) = preSolution
		Debug|Any CPU = Debug|Any CPU
		Release|Any CPU = Release|Any CPU
	EndGlobalSection
	GlobalSection(NestedProjects) = preSolution
		{528383BC-4260-41C0-89CE-F00138B63F4B} = {E248F606-9E42-4168-AD81-5CC677EFDCEC}
		{03FFDE24-20D4-4F5F-AF45-A768BD8AD328} = {C78F478D-3405-4762-9E09-99316337F172}
		{5276BAA4-EE27-46B0-B70F-5236F9028B99} = {C78F478D-3405-4762-9E09-99316337F172}
		{C6E0FC8F-5007-497C-9A01-137786081A25} = {C78F478D-3405-4762-9E09-99316337F172}
		{6D5200E6-01F3-4679-8B98-94D06222FE65} = {C85B20C0-AD41-4622-BAA8-70F1C2FB8C64}
		{0192430C-13F3-4D3E-9025-2030F7EBB9BE} = {6D5200E6-01F3-4679-8B98-94D06222FE65}
		{11144C3F-13AD-4EF7-9E0E-A012B8F89671} = {6D5200E6-01F3-4679-8B98-94D06222FE65}
		{D32CEB4E-268B-4B06-916B-BB57F6F2480B} = {6D5200E6-01F3-4679-8B98-94D06222FE65}
		{C2EECFBC-D110-4EF5-AD50-080E49ECBFFD} = {C85B20C0-AD41-4622-BAA8-70F1C2FB8C64}
		{0510CD29-97C5-4D65-BEF5-270F5B9159D7} = {C2EECFBC-D110-4EF5-AD50-080E49ECBFFD}
		{EA4C93C7-1349-4B2E-830E-E967FCDD9973} = {C2EECFBC-D110-4EF5-AD50-080E49ECBFFD}
		{5B8EAA2C-F3E9-4498-983D-21CCD641A99F} = {C2EECFBC-D110-4EF5-AD50-080E49ECBFFD}
		{ED296F05-6DCD-421D-B644-0E0E4FABAA5E} = {C2EECFBC-D110-4EF5-AD50-080E49ECBFFD}
		{CB3E8F47-FF5F-44D3-B79B-7B7930E78289} = {C2EECFBC-D110-4EF5-AD50-080E49ECBFFD}
		{7BBD8980-F430-4424-9C02-BE856E231E6D} = {CB3E8F47-FF5F-44D3-B79B-7B7930E78289}
		{7373DD06-725D-4604-BEFB-C0AE7AC1B6BF} = {CB3E8F47-FF5F-44D3-B79B-7B7930E78289}
		{EC02E7AE-133F-41D0-BB30-A09D95A6C340} = {CB3E8F47-FF5F-44D3-B79B-7B7930E78289}
		{E94A77B2-D745-47A5-8EFE-B6482C373CA6} = {6D5200E6-01F3-4679-8B98-94D06222FE65}
		{BE342DB5-4FBB-4FB0-8E78-0FA37EE686B6} = {E94A77B2-D745-47A5-8EFE-B6482C373CA6}
		{22E9A0DF-AA30-4054-8DD9-0A3BB6A91CE4} = {C85B20C0-AD41-4622-BAA8-70F1C2FB8C64}
		{99D41473-44AF-46A7-99B3-1938A30A938D} = {22E9A0DF-AA30-4054-8DD9-0A3BB6A91CE4}
		{53E60CAF-7414-4572-95CF-A4CE835CD96C} = {22E9A0DF-AA30-4054-8DD9-0A3BB6A91CE4}
		{7B859A1B-5FD1-4B33-A83E-88A101B25036} = {22E9A0DF-AA30-4054-8DD9-0A3BB6A91CE4}
	EndGlobalSection
	GlobalSection(ProjectConfigurationPlatforms) = postSolution
		{528383BC-4260-41C0-89CE-F00138B63F4B}.Debug|Any CPU.ActiveCfg = Debug|Any CPU
		{528383BC-4260-41C0-89CE-F00138B63F4B}.Debug|Any CPU.Build.0 = Debug|Any CPU
		{528383BC-4260-41C0-89CE-F00138B63F4B}.Release|Any CPU.ActiveCfg = Release|Any CPU
		{528383BC-4260-41C0-89CE-F00138B63F4B}.Release|Any CPU.Build.0 = Release|Any CPU
		{5CF46E84-8D55-41DE-BB50-3F564D67AADC}.Debug|Any CPU.ActiveCfg = Debug|Any CPU
		{5CF46E84-8D55-41DE-BB50-3F564D67AADC}.Debug|Any CPU.Build.0 = Debug|Any CPU
		{5CF46E84-8D55-41DE-BB50-3F564D67AADC}.Release|Any CPU.ActiveCfg = Release|Any CPU
		{5CF46E84-8D55-41DE-BB50-3F564D67AADC}.Release|Any CPU.Build.0 = Release|Any CPU
		{03FFDE24-20D4-4F5F-AF45-A768BD8AD328}.Debug|Any CPU.ActiveCfg = Debug|Any CPU
		{03FFDE24-20D4-4F5F-AF45-A768BD8AD328}.Debug|Any CPU.Build.0 = Debug|Any CPU
		{03FFDE24-20D4-4F5F-AF45-A768BD8AD328}.Release|Any CPU.ActiveCfg = Release|Any CPU
		{03FFDE24-20D4-4F5F-AF45-A768BD8AD328}.Release|Any CPU.Build.0 = Release|Any CPU
		{5276BAA4-EE27-46B0-B70F-5236F9028B99}.Debug|Any CPU.ActiveCfg = Debug|Any CPU
		{5276BAA4-EE27-46B0-B70F-5236F9028B99}.Debug|Any CPU.Build.0 = Debug|Any CPU
		{5276BAA4-EE27-46B0-B70F-5236F9028B99}.Release|Any CPU.ActiveCfg = Release|Any CPU
		{5276BAA4-EE27-46B0-B70F-5236F9028B99}.Release|Any CPU.Build.0 = Release|Any CPU
		{C6E0FC8F-5007-497C-9A01-137786081A25}.Debug|Any CPU.ActiveCfg = Debug|Any CPU
		{C6E0FC8F-5007-497C-9A01-137786081A25}.Debug|Any CPU.Build.0 = Debug|Any CPU
		{C6E0FC8F-5007-497C-9A01-137786081A25}.Release|Any CPU.ActiveCfg = Release|Any CPU
		{C6E0FC8F-5007-497C-9A01-137786081A25}.Release|Any CPU.Build.0 = Release|Any CPU
		{0192430C-13F3-4D3E-9025-2030F7EBB9BE}.Debug|Any CPU.ActiveCfg = Debug|Any CPU
		{0192430C-13F3-4D3E-9025-2030F7EBB9BE}.Debug|Any CPU.Build.0 = Debug|Any CPU
		{0192430C-13F3-4D3E-9025-2030F7EBB9BE}.Release|Any CPU.ActiveCfg = Release|Any CPU
		{0192430C-13F3-4D3E-9025-2030F7EBB9BE}.Release|Any CPU.Build.0 = Release|Any CPU
		{11144C3F-13AD-4EF7-9E0E-A012B8F89671}.Debug|Any CPU.ActiveCfg = Debug|Any CPU
		{11144C3F-13AD-4EF7-9E0E-A012B8F89671}.Debug|Any CPU.Build.0 = Debug|Any CPU
		{11144C3F-13AD-4EF7-9E0E-A012B8F89671}.Release|Any CPU.ActiveCfg = Release|Any CPU
		{11144C3F-13AD-4EF7-9E0E-A012B8F89671}.Release|Any CPU.Build.0 = Release|Any CPU
		{D32CEB4E-268B-4B06-916B-BB57F6F2480B}.Debug|Any CPU.ActiveCfg = Debug|Any CPU
		{D32CEB4E-268B-4B06-916B-BB57F6F2480B}.Debug|Any CPU.Build.0 = Debug|Any CPU
		{D32CEB4E-268B-4B06-916B-BB57F6F2480B}.Release|Any CPU.ActiveCfg = Release|Any CPU
		{D32CEB4E-268B-4B06-916B-BB57F6F2480B}.Release|Any CPU.Build.0 = Release|Any CPU
		{0510CD29-97C5-4D65-BEF5-270F5B9159D7}.Debug|Any CPU.ActiveCfg = Debug|Any CPU
		{0510CD29-97C5-4D65-BEF5-270F5B9159D7}.Debug|Any CPU.Build.0 = Debug|Any CPU
		{0510CD29-97C5-4D65-BEF5-270F5B9159D7}.Release|Any CPU.ActiveCfg = Release|Any CPU
		{0510CD29-97C5-4D65-BEF5-270F5B9159D7}.Release|Any CPU.Build.0 = Release|Any CPU
		{EA4C93C7-1349-4B2E-830E-E967FCDD9973}.Debug|Any CPU.ActiveCfg = Debug|Any CPU
		{EA4C93C7-1349-4B2E-830E-E967FCDD9973}.Debug|Any CPU.Build.0 = Debug|Any CPU
		{EA4C93C7-1349-4B2E-830E-E967FCDD9973}.Release|Any CPU.ActiveCfg = Release|Any CPU
		{EA4C93C7-1349-4B2E-830E-E967FCDD9973}.Release|Any CPU.Build.0 = Release|Any CPU
		{5B8EAA2C-F3E9-4498-983D-21CCD641A99F}.Debug|Any CPU.ActiveCfg = Debug|Any CPU
		{5B8EAA2C-F3E9-4498-983D-21CCD641A99F}.Debug|Any CPU.Build.0 = Debug|Any CPU
		{5B8EAA2C-F3E9-4498-983D-21CCD641A99F}.Release|Any CPU.ActiveCfg = Release|Any CPU
		{5B8EAA2C-F3E9-4498-983D-21CCD641A99F}.Release|Any CPU.Build.0 = Release|Any CPU
		{ED296F05-6DCD-421D-B644-0E0E4FABAA5E}.Debug|Any CPU.ActiveCfg = Debug|Any CPU
		{ED296F05-6DCD-421D-B644-0E0E4FABAA5E}.Debug|Any CPU.Build.0 = Debug|Any CPU
		{ED296F05-6DCD-421D-B644-0E0E4FABAA5E}.Release|Any CPU.ActiveCfg = Release|Any CPU
		{ED296F05-6DCD-421D-B644-0E0E4FABAA5E}.Release|Any CPU.Build.0 = Release|Any CPU
		{7BBD8980-F430-4424-9C02-BE856E231E6D}.Debug|Any CPU.ActiveCfg = Debug|Any CPU
		{7BBD8980-F430-4424-9C02-BE856E231E6D}.Debug|Any CPU.Build.0 = Debug|Any CPU
		{7BBD8980-F430-4424-9C02-BE856E231E6D}.Release|Any CPU.ActiveCfg = Release|Any CPU
		{7BBD8980-F430-4424-9C02-BE856E231E6D}.Release|Any CPU.Build.0 = Release|Any CPU
		{7373DD06-725D-4604-BEFB-C0AE7AC1B6BF}.Debug|Any CPU.ActiveCfg = Debug|Any CPU
		{7373DD06-725D-4604-BEFB-C0AE7AC1B6BF}.Debug|Any CPU.Build.0 = Debug|Any CPU
		{7373DD06-725D-4604-BEFB-C0AE7AC1B6BF}.Release|Any CPU.ActiveCfg = Release|Any CPU
		{7373DD06-725D-4604-BEFB-C0AE7AC1B6BF}.Release|Any CPU.Build.0 = Release|Any CPU
		{EC02E7AE-133F-41D0-BB30-A09D95A6C340}.Debug|Any CPU.ActiveCfg = Debug|Any CPU
		{EC02E7AE-133F-41D0-BB30-A09D95A6C340}.Debug|Any CPU.Build.0 = Debug|Any CPU
		{EC02E7AE-133F-41D0-BB30-A09D95A6C340}.Release|Any CPU.ActiveCfg = Release|Any CPU
		{EC02E7AE-133F-41D0-BB30-A09D95A6C340}.Release|Any CPU.Build.0 = Release|Any CPU
		{BE342DB5-4FBB-4FB0-8E78-0FA37EE686B6}.Debug|Any CPU.ActiveCfg = Debug|Any CPU
		{BE342DB5-4FBB-4FB0-8E78-0FA37EE686B6}.Debug|Any CPU.Build.0 = Debug|Any CPU
		{BE342DB5-4FBB-4FB0-8E78-0FA37EE686B6}.Release|Any CPU.ActiveCfg = Release|Any CPU
		{BE342DB5-4FBB-4FB0-8E78-0FA37EE686B6}.Release|Any CPU.Build.0 = Release|Any CPU
		{99D41473-44AF-46A7-99B3-1938A30A938D}.Debug|Any CPU.ActiveCfg = Debug|Any CPU
		{99D41473-44AF-46A7-99B3-1938A30A938D}.Debug|Any CPU.Build.0 = Debug|Any CPU
		{99D41473-44AF-46A7-99B3-1938A30A938D}.Release|Any CPU.ActiveCfg = Release|Any CPU
		{99D41473-44AF-46A7-99B3-1938A30A938D}.Release|Any CPU.Build.0 = Release|Any CPU
		{53E60CAF-7414-4572-95CF-A4CE835CD96C}.Debug|Any CPU.ActiveCfg = Debug|Any CPU
		{53E60CAF-7414-4572-95CF-A4CE835CD96C}.Debug|Any CPU.Build.0 = Debug|Any CPU
		{53E60CAF-7414-4572-95CF-A4CE835CD96C}.Release|Any CPU.ActiveCfg = Release|Any CPU
		{53E60CAF-7414-4572-95CF-A4CE835CD96C}.Release|Any CPU.Build.0 = Release|Any CPU
		{7B859A1B-5FD1-4B33-A83E-88A101B25036}.Debug|Any CPU.ActiveCfg = Debug|Any CPU
		{7B859A1B-5FD1-4B33-A83E-88A101B25036}.Debug|Any CPU.Build.0 = Debug|Any CPU
		{7B859A1B-5FD1-4B33-A83E-88A101B25036}.Release|Any CPU.ActiveCfg = Release|Any CPU
		{7B859A1B-5FD1-4B33-A83E-88A101B25036}.Release|Any CPU.Build.0 = Release|Any CPU
	EndGlobalSection
EndGlobal
