
Microsoft Visual Studio Solution File, Format Version 12.00
Project("{2150E333-8FDC-42A3-9474-1A3956D46DE8}") = "Database", "Database", "{E248F606-9E42-4168-AD81-5CC677EFDCEC}"
EndProject
Project("{FAE04EC0-301F-11D3-BF4B-00C04F79EFBC}") = "Aimrank.Database.Migrator", "src\Database\Aimrank.Database.Migrator\Aimrank.Database.Migrator.csproj", "{528383BC-4260-41C0-89CE-F00138B63F4B}"
EndProject
Project("{FAE04EC0-301F-11D3-BF4B-00C04F79EFBC}") = "Aimrank.Application", "src\Aimrank.Application\Aimrank.Application.csproj", "{15EFDE12-8156-4AA5-8892-D77C6A83F1DD}"
EndProject
Project("{FAE04EC0-301F-11D3-BF4B-00C04F79EFBC}") = "Aimrank.Domain", "src\Aimrank.Domain\Aimrank.Domain.csproj", "{99D88757-B906-47C0-8D78-A1039E1CE7C6}"
EndProject
Project("{FAE04EC0-301F-11D3-BF4B-00C04F79EFBC}") = "Aimrank.Infrastructure", "src\Aimrank.Infrastructure\Aimrank.Infrastructure.csproj", "{52ABDAFC-85FA-4505-A24D-FC351B5C19CE}"
EndProject
Project("{FAE04EC0-301F-11D3-BF4B-00C04F79EFBC}") = "Aimrank.Web", "src\Aimrank.Web\Aimrank.Web.csproj", "{5CF46E84-8D55-41DE-BB50-3F564D67AADC}"
EndProject
Project("{2150E333-8FDC-42A3-9474-1A3956D46DE8}") = "Common", "Common", "{C78F478D-3405-4762-9E09-99316337F172}"
EndProject
Project("{FAE04EC0-301F-11D3-BF4B-00C04F79EFBC}") = "Aimrank.Common.Domain", "src\Common\Aimrank.Common.Domain\Aimrank.Common.Domain.csproj", "{03FFDE24-20D4-4F5F-AF45-A768BD8AD328}"
EndProject
Project("{FAE04EC0-301F-11D3-BF4B-00C04F79EFBC}") = "Aimrank.Common.Application", "src\Common\Aimrank.Common.Application\Aimrank.Common.Application.csproj", "{5276BAA4-EE27-46B0-B70F-5236F9028B99}"
EndProject
Project("{FAE04EC0-301F-11D3-BF4B-00C04F79EFBC}") = "Aimrank.Common.Infrastructure", "src\Common\Aimrank.Common.Infrastructure\Aimrank.Common.Infrastructure.csproj", "{C6E0FC8F-5007-497C-9A01-137786081A25}"
EndProject
Project("{FAE04EC0-301F-11D3-BF4B-00C04F79EFBC}") = "Aimrank.IntegrationEvents", "src\Aimrank.IntegrationEvents\Aimrank.IntegrationEvents.csproj", "{F5BA7F7C-506F-4A1F-9B65-4C2E1DA29CE5}"
EndProject
Project("{2150E333-8FDC-42A3-9474-1A3956D46DE8}") = "Tests", "Tests", "{CB3E8F47-FF5F-44D3-B79B-7B7930E78289}"
EndProject
Project("{FAE04EC0-301F-11D3-BF4B-00C04F79EFBC}") = "Aimrank.IntegrationTests", "src\Tests\Aimrank.IntegrationTests\Aimrank.IntegrationTests.csproj", "{02C22F76-4932-47BF-A178-26ADE78CF652}"
EndProject
Project("{FAE04EC0-301F-11D3-BF4B-00C04F79EFBC}") = "Aimrank.UnitTests", "src\Tests\Aimrank.UnitTests\Aimrank.UnitTests.csproj", "{D404757D-1EFF-4375-B885-E03E70421DD0}"
EndProject
Global
	GlobalSection(SolutionConfigurationPlatforms) = preSolution
		Debug|Any CPU = Debug|Any CPU
		Release|Any CPU = Release|Any CPU
	EndGlobalSection
	GlobalSection(NestedProjects) = preSolution
		{528383BC-4260-41C0-89CE-F00138B63F4B} = {E248F606-9E42-4168-AD81-5CC677EFDCEC}
		{03FFDE24-20D4-4F5F-AF45-A768BD8AD328} = {C78F478D-3405-4762-9E09-99316337F172}
		{5276BAA4-EE27-46B0-B70F-5236F9028B99} = {C78F478D-3405-4762-9E09-99316337F172}
		{C6E0FC8F-5007-497C-9A01-137786081A25} = {C78F478D-3405-4762-9E09-99316337F172}
		{02C22F76-4932-47BF-A178-26ADE78CF652} = {CB3E8F47-FF5F-44D3-B79B-7B7930E78289}
		{D404757D-1EFF-4375-B885-E03E70421DD0} = {CB3E8F47-FF5F-44D3-B79B-7B7930E78289}
	EndGlobalSection
	GlobalSection(ProjectConfigurationPlatforms) = postSolution
		{528383BC-4260-41C0-89CE-F00138B63F4B}.Debug|Any CPU.ActiveCfg = Debug|Any CPU
		{528383BC-4260-41C0-89CE-F00138B63F4B}.Debug|Any CPU.Build.0 = Debug|Any CPU
		{528383BC-4260-41C0-89CE-F00138B63F4B}.Release|Any CPU.ActiveCfg = Release|Any CPU
		{528383BC-4260-41C0-89CE-F00138B63F4B}.Release|Any CPU.Build.0 = Release|Any CPU
		{15EFDE12-8156-4AA5-8892-D77C6A83F1DD}.Debug|Any CPU.ActiveCfg = Debug|Any CPU
		{15EFDE12-8156-4AA5-8892-D77C6A83F1DD}.Debug|Any CPU.Build.0 = Debug|Any CPU
		{15EFDE12-8156-4AA5-8892-D77C6A83F1DD}.Release|Any CPU.ActiveCfg = Release|Any CPU
		{15EFDE12-8156-4AA5-8892-D77C6A83F1DD}.Release|Any CPU.Build.0 = Release|Any CPU
		{99D88757-B906-47C0-8D78-A1039E1CE7C6}.Debug|Any CPU.ActiveCfg = Debug|Any CPU
		{99D88757-B906-47C0-8D78-A1039E1CE7C6}.Debug|Any CPU.Build.0 = Debug|Any CPU
		{99D88757-B906-47C0-8D78-A1039E1CE7C6}.Release|Any CPU.ActiveCfg = Release|Any CPU
		{99D88757-B906-47C0-8D78-A1039E1CE7C6}.Release|Any CPU.Build.0 = Release|Any CPU
		{52ABDAFC-85FA-4505-A24D-FC351B5C19CE}.Debug|Any CPU.ActiveCfg = Debug|Any CPU
		{52ABDAFC-85FA-4505-A24D-FC351B5C19CE}.Debug|Any CPU.Build.0 = Debug|Any CPU
		{52ABDAFC-85FA-4505-A24D-FC351B5C19CE}.Release|Any CPU.ActiveCfg = Release|Any CPU
		{52ABDAFC-85FA-4505-A24D-FC351B5C19CE}.Release|Any CPU.Build.0 = Release|Any CPU
		{5CF46E84-8D55-41DE-BB50-3F564D67AADC}.Debug|Any CPU.ActiveCfg = Debug|Any CPU
		{5CF46E84-8D55-41DE-BB50-3F564D67AADC}.Debug|Any CPU.Build.0 = Debug|Any CPU
		{5CF46E84-8D55-41DE-BB50-3F564D67AADC}.Release|Any CPU.ActiveCfg = Release|Any CPU
		{5CF46E84-8D55-41DE-BB50-3F564D67AADC}.Release|Any CPU.Build.0 = Release|Any CPU
		{03FFDE24-20D4-4F5F-AF45-A768BD8AD328}.Debug|Any CPU.ActiveCfg = Debug|Any CPU
		{03FFDE24-20D4-4F5F-AF45-A768BD8AD328}.Debug|Any CPU.Build.0 = Debug|Any CPU
		{03FFDE24-20D4-4F5F-AF45-A768BD8AD328}.Release|Any CPU.ActiveCfg = Release|Any CPU
		{03FFDE24-20D4-4F5F-AF45-A768BD8AD328}.Release|Any CPU.Build.0 = Release|Any CPU
		{5276BAA4-EE27-46B0-B70F-5236F9028B99}.Debug|Any CPU.ActiveCfg = Debug|Any CPU
		{5276BAA4-EE27-46B0-B70F-5236F9028B99}.Debug|Any CPU.Build.0 = Debug|Any CPU
		{5276BAA4-EE27-46B0-B70F-5236F9028B99}.Release|Any CPU.ActiveCfg = Release|Any CPU
		{5276BAA4-EE27-46B0-B70F-5236F9028B99}.Release|Any CPU.Build.0 = Release|Any CPU
		{C6E0FC8F-5007-497C-9A01-137786081A25}.Debug|Any CPU.ActiveCfg = Debug|Any CPU
		{C6E0FC8F-5007-497C-9A01-137786081A25}.Debug|Any CPU.Build.0 = Debug|Any CPU
		{C6E0FC8F-5007-497C-9A01-137786081A25}.Release|Any CPU.ActiveCfg = Release|Any CPU
		{C6E0FC8F-5007-497C-9A01-137786081A25}.Release|Any CPU.Build.0 = Release|Any CPU
		{F5BA7F7C-506F-4A1F-9B65-4C2E1DA29CE5}.Debug|Any CPU.ActiveCfg = Debug|Any CPU
		{F5BA7F7C-506F-4A1F-9B65-4C2E1DA29CE5}.Debug|Any CPU.Build.0 = Debug|Any CPU
		{F5BA7F7C-506F-4A1F-9B65-4C2E1DA29CE5}.Release|Any CPU.ActiveCfg = Release|Any CPU
		{F5BA7F7C-506F-4A1F-9B65-4C2E1DA29CE5}.Release|Any CPU.Build.0 = Release|Any CPU
		{02C22F76-4932-47BF-A178-26ADE78CF652}.Debug|Any CPU.ActiveCfg = Debug|Any CPU
		{02C22F76-4932-47BF-A178-26ADE78CF652}.Debug|Any CPU.Build.0 = Debug|Any CPU
		{02C22F76-4932-47BF-A178-26ADE78CF652}.Release|Any CPU.ActiveCfg = Release|Any CPU
		{02C22F76-4932-47BF-A178-26ADE78CF652}.Release|Any CPU.Build.0 = Release|Any CPU
		{D404757D-1EFF-4375-B885-E03E70421DD0}.Debug|Any CPU.ActiveCfg = Debug|Any CPU
		{D404757D-1EFF-4375-B885-E03E70421DD0}.Debug|Any CPU.Build.0 = Debug|Any CPU
		{D404757D-1EFF-4375-B885-E03E70421DD0}.Release|Any CPU.ActiveCfg = Release|Any CPU
		{D404757D-1EFF-4375-B885-E03E70421DD0}.Release|Any CPU.Build.0 = Release|Any CPU
	EndGlobalSection
EndGlobal
